// !$*UTF8*$!
{
	archiveVersion = 1;
	classes = {
	};
	objectVersion = 50;
	objects = {

/* Begin PBXBuildFile section */
		C822E25E21F16E26006A64D0 /* AppDelegate.swift in Sources */ = {isa = PBXBuildFile; fileRef = C822E25D21F16E26006A64D0 /* AppDelegate.swift */; };
		C822E26021F16E26006A64D0 /* ViewController.swift in Sources */ = {isa = PBXBuildFile; fileRef = C822E25F21F16E26006A64D0 /* ViewController.swift */; };
		C822E26321F16E26006A64D0 /* Main.storyboard in Resources */ = {isa = PBXBuildFile; fileRef = C822E26121F16E26006A64D0 /* Main.storyboard */; };
		C822E26521F16E27006A64D0 /* Assets.xcassets in Resources */ = {isa = PBXBuildFile; fileRef = C822E26421F16E27006A64D0 /* Assets.xcassets */; };
		C822E26821F16E27006A64D0 /* LaunchScreen.storyboard in Resources */ = {isa = PBXBuildFile; fileRef = C822E26621F16E27006A64D0 /* LaunchScreen.storyboard */; };
		DAB77E6266EC8E2B3FDFE11C /* Pods_Subspec.framework in Frameworks */ = {isa = PBXBuildFile; fileRef = 128370FB7C58543D51D4D44F /* Pods_Subspec.framework */; };
/* End PBXBuildFile section */

/* Begin PBXFileReference section */
		128370FB7C58543D51D4D44F /* Pods_Subspec.framework */ = {isa = PBXFileReference; explicitFileType = wrapper.framework; includeInIndex = 0; path = Pods_Subspec.framework; sourceTree = BUILT_PRODUCTS_DIR; };
		B878C2C495BDCA2AC1BF8DB9 /* Pods-Subspec.debug.xcconfig */ = {isa = PBXFileReference; includeInIndex = 1; lastKnownFileType = text.xcconfig; name = "Pods-Subspec.debug.xcconfig"; path = "Pods/Target Support Files/Pods-Subspec/Pods-Subspec.debug.xcconfig"; sourceTree = "<group>"; };
		C822E25A21F16E26006A64D0 /* Subspec.app */ = {isa = PBXFileReference; explicitFileType = wrapper.application; includeInIndex = 0; path = Subspec.app; sourceTree = BUILT_PRODUCTS_DIR; };
		C822E25D21F16E26006A64D0 /* AppDelegate.swift */ = {isa = PBXFileReference; lastKnownFileType = sourcecode.swift; path = AppDelegate.swift; sourceTree = "<group>"; };
		C822E25F21F16E26006A64D0 /* ViewController.swift */ = {isa = PBXFileReference; lastKnownFileType = sourcecode.swift; path = ViewController.swift; sourceTree = "<group>"; };
		C822E26221F16E26006A64D0 /* Base */ = {isa = PBXFileReference; lastKnownFileType = file.storyboard; name = Base; path = Base.lproj/Main.storyboard; sourceTree = "<group>"; };
		C822E26421F16E27006A64D0 /* Assets.xcassets */ = {isa = PBXFileReference; lastKnownFileType = folder.assetcatalog; path = Assets.xcassets; sourceTree = "<group>"; };
		C822E26721F16E27006A64D0 /* Base */ = {isa = PBXFileReference; lastKnownFileType = file.storyboard; name = Base; path = Base.lproj/LaunchScreen.storyboard; sourceTree = "<group>"; };
		C822E26921F16E27006A64D0 /* Info.plist */ = {isa = PBXFileReference; lastKnownFileType = text.plist.xml; path = Info.plist; sourceTree = "<group>"; };
		FD6F282771253D922D861213 /* Pods-Subspec.release.xcconfig */ = {isa = PBXFileReference; includeInIndex = 1; lastKnownFileType = text.xcconfig; name = "Pods-Subspec.release.xcconfig"; path = "Pods/Target Support Files/Pods-Subspec/Pods-Subspec.release.xcconfig"; sourceTree = "<group>"; };
/* End PBXFileReference section */

/* Begin PBXFrameworksBuildPhase section */
		C822E25721F16E26006A64D0 /* Frameworks */ = {
			isa = PBXFrameworksBuildPhase;
			buildActionMask = 2147483647;
			files = (
				DAB77E6266EC8E2B3FDFE11C /* Pods_Subspec.framework in Frameworks */,
			);
			runOnlyForDeploymentPostprocessing = 0;
		};
/* End PBXFrameworksBuildPhase section */

/* Begin PBXGroup section */
		6DEC01357F41BE2C9B37726A /* Pods */ = {
			isa = PBXGroup;
			children = (
				B878C2C495BDCA2AC1BF8DB9 /* Pods-Subspec.debug.xcconfig */,
				FD6F282771253D922D861213 /* Pods-Subspec.release.xcconfig */,
			);
			name = Pods;
			sourceTree = "<group>";
		};
		C822E25121F16E26006A64D0 = {
			isa = PBXGroup;
			children = (
				C822E25C21F16E26006A64D0 /* Subspec */,
				C822E25B21F16E26006A64D0 /* Products */,
				6DEC01357F41BE2C9B37726A /* Pods */,
				FA5921DE01616ED8D77A76B9 /* Frameworks */,
			);
			sourceTree = "<group>";
		};
		C822E25B21F16E26006A64D0 /* Products */ = {
			isa = PBXGroup;
			children = (
				C822E25A21F16E26006A64D0 /* Subspec.app */,
			);
			name = Products;
			sourceTree = "<group>";
		};
		C822E25C21F16E26006A64D0 /* Subspec */ = {
			isa = PBXGroup;
			children = (
				C822E25D21F16E26006A64D0 /* AppDelegate.swift */,
				C822E25F21F16E26006A64D0 /* ViewController.swift */,
				C822E26121F16E26006A64D0 /* Main.storyboard */,
				C822E26421F16E27006A64D0 /* Assets.xcassets */,
				C822E26621F16E27006A64D0 /* LaunchScreen.storyboard */,
				C822E26921F16E27006A64D0 /* Info.plist */,
			);
			path = Subspec;
			sourceTree = "<group>";
		};
		FA5921DE01616ED8D77A76B9 /* Frameworks */ = {
			isa = PBXGroup;
			children = (
				128370FB7C58543D51D4D44F /* Pods_Subspec.framework */,
			);
			name = Frameworks;
			sourceTree = "<group>";
		};
/* End PBXGroup section */

/* Begin PBXNativeTarget section */
		C822E25921F16E26006A64D0 /* Subspec */ = {
			isa = PBXNativeTarget;
			buildConfigurationList = C822E26C21F16E27006A64D0 /* Build configuration list for PBXNativeTarget "Subspec" */;
			buildPhases = (
				F80AE2311CD3F3367EE9E184 /* [CP] Check Pods Manifest.lock */,
				C822E25621F16E26006A64D0 /* Sources */,
				C822E25721F16E26006A64D0 /* Frameworks */,
				C822E25821F16E26006A64D0 /* Resources */,
				B638FEB7871E9B1D4F959A04 /* [CP] Embed Pods Frameworks */,
			);
			buildRules = (
			);
			dependencies = (
			);
			name = Subspec;
			productName = Subspec;
			productReference = C822E25A21F16E26006A64D0 /* Subspec.app */;
			productType = "com.apple.product-type.application";
		};
/* End PBXNativeTarget section */

/* Begin PBXProject section */
		C822E25221F16E26006A64D0 /* Project object */ = {
			isa = PBXProject;
			attributes = {
				LastSwiftUpdateCheck = 1010;
				LastUpgradeCheck = 1010;
				ORGANIZATIONNAME = kemchenj;
				TargetAttributes = {
					C822E25921F16E26006A64D0 = {
						CreatedOnToolsVersion = 10.1;
					};
				};
			};
			buildConfigurationList = C822E25521F16E26006A64D0 /* Build configuration list for PBXProject "Subspec" */;
			compatibilityVersion = "Xcode 9.3";
			developmentRegion = en;
			hasScannedForEncodings = 0;
			knownRegions = (
				en,
				Base,
			);
			mainGroup = C822E25121F16E26006A64D0;
			productRefGroup = C822E25B21F16E26006A64D0 /* Products */;
			projectDirPath = "";
			projectRoot = "";
			targets = (
				C822E25921F16E26006A64D0 /* Subspec */,
			);
		};
/* End PBXProject section */

/* Begin PBXResourcesBuildPhase section */
		C822E25821F16E26006A64D0 /* Resources */ = {
			isa = PBXResourcesBuildPhase;
			buildActionMask = 2147483647;
			files = (
				C822E26821F16E27006A64D0 /* LaunchScreen.storyboard in Resources */,
				C822E26521F16E27006A64D0 /* Assets.xcassets in Resources */,
				C822E26321F16E26006A64D0 /* Main.storyboard in Resources */,
			);
			runOnlyForDeploymentPostprocessing = 0;
		};
/* End PBXResourcesBuildPhase section */

/* Begin PBXShellScriptBuildPhase section */
		B638FEB7871E9B1D4F959A04 /* [CP] Embed Pods Frameworks */ = {
			isa = PBXShellScriptBuildPhase;
			buildActionMask = 2147483647;
			files = (
			);
			inputFileListPaths = (
			);
			inputPaths = (
				"${SRCROOT}/Pods/Target Support Files/Pods-Subspec/Pods-Subspec-frameworks.sh",
				"${PODS_ROOT}/Alamofire/Alamofire.framework",
				"${PODS_ROOT}/Moya/Moya.framework",
				"${PODS_ROOT}/Result/Result.framework",
				"${PODS_ROOT}/RxAtomic/RxAtomic.framework",
				"${PODS_ROOT}/RxSwift/RxSwift.framework",
			);
			name = "[CP] Embed Pods Frameworks";
			outputFileListPaths = (
			);
			outputPaths = (
				"${TARGET_BUILD_DIR}/${FRAMEWORKS_FOLDER_PATH}/Alamofire.framework",
				"${TARGET_BUILD_DIR}/${FRAMEWORKS_FOLDER_PATH}/Moya.framework",
				"${TARGET_BUILD_DIR}/${FRAMEWORKS_FOLDER_PATH}/Result.framework",
				"${TARGET_BUILD_DIR}/${FRAMEWORKS_FOLDER_PATH}/RxAtomic.framework",
				"${TARGET_BUILD_DIR}/${FRAMEWORKS_FOLDER_PATH}/RxSwift.framework",
			);
			runOnlyForDeploymentPostprocessing = 0;
			shellPath = /bin/sh;
			shellScript = "\"${SRCROOT}/Pods/Target Support Files/Pods-Subspec/Pods-Subspec-frameworks.sh\"\n";
			showEnvVarsInLog = 0;
		};
		F80AE2311CD3F3367EE9E184 /* [CP] Check Pods Manifest.lock */ = {
			isa = PBXShellScriptBuildPhase;
			buildActionMask = 2147483647;
			files = (
			);
			inputFileListPaths = (
			);
			inputPaths = (
				"${PODS_PODFILE_DIR_PATH}/Podfile.lock",
				"${PODS_ROOT}/Manifest.lock",
			);
			name = "[CP] Check Pods Manifest.lock";
			outputFileListPaths = (
			);
			outputPaths = (
				"$(DERIVED_FILE_DIR)/Pods-Subspec-checkManifestLockResult.txt",
			);
			runOnlyForDeploymentPostprocessing = 0;
			shellPath = /bin/sh;
			shellScript = "diff \"${PODS_PODFILE_DIR_PATH}/Podfile.lock\" \"${PODS_ROOT}/Manifest.lock\" > /dev/null\nif [ $? != 0 ] ; then\n    # print error to STDERR\n    echo \"error: The sandbox is not in sync with the Podfile.lock. Run 'pod install' or update your CocoaPods installation.\" >&2\n    exit 1\nfi\n# This output is used by Xcode 'outputs' to avoid re-running this script phase.\necho \"SUCCESS\" > \"${SCRIPT_OUTPUT_FILE_0}\"\n";
			showEnvVarsInLog = 0;
		};
/* End PBXShellScriptBuildPhase section */

/* Begin PBXSourcesBuildPhase section */
		C822E25621F16E26006A64D0 /* Sources */ = {
			isa = PBXSourcesBuildPhase;
			buildActionMask = 2147483647;
			files = (
				C822E26021F16E26006A64D0 /* ViewController.swift in Sources */,
				C822E25E21F16E26006A64D0 /* AppDelegate.swift in Sources */,
			);
			runOnlyForDeploymentPostprocessing = 0;
		};
/* End PBXSourcesBuildPhase section */

/* Begin PBXVariantGroup section */
		C822E26121F16E26006A64D0 /* Main.storyboard */ = {
			isa = PBXVariantGroup;
			children = (
				C822E26221F16E26006A64D0 /* Base */,
			);
			name = Main.storyboard;
			sourceTree = "<group>";
		};
		C822E26621F16E27006A64D0 /* LaunchScreen.storyboard */ = {
			isa = PBXVariantGroup;
			children = (
				C822E26721F16E27006A64D0 /* Base */,
			);
			name = LaunchScreen.storyboard;
			sourceTree = "<group>";
		};
/* End PBXVariantGroup section */

/* Begin XCBuildConfiguration section */
		C822E26A21F16E27006A64D0 /* Debug */ = {
			isa = XCBuildConfiguration;
			buildSettings = {
				ALWAYS_SEARCH_USER_PATHS = NO;
				CLANG_ANALYZER_NONNULL = YES;
				CLANG_ANALYZER_NUMBER_OBJECT_CONVERSION = YES_AGGRESSIVE;
				CLANG_CXX_LANGUAGE_STANDARD = "gnu++14";
				CLANG_CXX_LIBRARY = "libc++";
				CLANG_ENABLE_MODULES = YES;
				CLANG_ENABLE_OBJC_ARC = YES;
				CLANG_ENABLE_OBJC_WEAK = YES;
				CLANG_WARN_BLOCK_CAPTURE_AUTORELEASING = YES;
				CLANG_WARN_BOOL_CONVERSION = YES;
				CLANG_WARN_COMMA = YES;
				CLANG_WARN_CONSTANT_CONVERSION = YES;
				CLANG_WARN_DEPRECATED_OBJC_IMPLEMENTATIONS = YES;
				CLANG_WARN_DIRECT_OBJC_ISA_USAGE = YES_ERROR;
				CLANG_WARN_DOCUMENTATION_COMMENTS = YES;
				CLANG_WARN_EMPTY_BODY = YES;
				CLANG_WARN_ENUM_CONVERSION = YES;
				CLANG_WARN_INFINITE_RECURSION = YES;
				CLANG_WARN_INT_CONVERSION = YES;
				CLANG_WARN_NON_LITERAL_NULL_CONVERSION = YES;
				CLANG_WARN_OBJC_IMPLICIT_RETAIN_SELF = YES;
				CLANG_WARN_OBJC_LITERAL_CONVERSION = YES;
				CLANG_WARN_OBJC_ROOT_CLASS = YES_ERROR;
				CLANG_WARN_RANGE_LOOP_ANALYSIS = YES;
				CLANG_WARN_STRICT_PROTOTYPES = YES;
				CLANG_WARN_SUSPICIOUS_MOVE = YES;
				CLANG_WARN_UNGUARDED_AVAILABILITY = YES_AGGRESSIVE;
				CLANG_WARN_UNREACHABLE_CODE = YES;
				CLANG_WARN__DUPLICATE_METHOD_MATCH = YES;
				CODE_SIGN_IDENTITY = "iPhone Developer";
				COPY_PHASE_STRIP = NO;
				DEBUG_INFORMATION_FORMAT = dwarf;
				ENABLE_STRICT_OBJC_MSGSEND = YES;
				ENABLE_TESTABILITY = YES;
				GCC_C_LANGUAGE_STANDARD = gnu11;
				GCC_DYNAMIC_NO_PIC = NO;
				GCC_NO_COMMON_BLOCKS = YES;
				GCC_OPTIMIZATION_LEVEL = 0;
				GCC_PREPROCESSOR_DEFINITIONS = (
					"DEBUG=1",
					"$(inherited)",
				);
				GCC_WARN_64_TO_32_BIT_CONVERSION = YES;
				GCC_WARN_ABOUT_RETURN_TYPE = YES_ERROR;
				GCC_WARN_UNDECLARED_SELECTOR = YES;
				GCC_WARN_UNINITIALIZED_AUTOS = YES_AGGRESSIVE;
				GCC_WARN_UNUSED_FUNCTION = YES;
				GCC_WARN_UNUSED_VARIABLE = YES;
				IPHONEOS_DEPLOYMENT_TARGET = 12.1;
				MTL_ENABLE_DEBUG_INFO = INCLUDE_SOURCE;
				MTL_FAST_MATH = YES;
				ONLY_ACTIVE_ARCH = YES;
				SDKROOT = iphoneos;
				SWIFT_ACTIVE_COMPILATION_CONDITIONS = DEBUG;
				SWIFT_OPTIMIZATION_LEVEL = "-Onone";
			};
			name = Debug;
		};
		C822E26B21F16E27006A64D0 /* Release */ = {
			isa = XCBuildConfiguration;
			buildSettings = {
				ALWAYS_SEARCH_USER_PATHS = NO;
				CLANG_ANALYZER_NONNULL = YES;
				CLANG_ANALYZER_NUMBER_OBJECT_CONVERSION = YES_AGGRESSIVE;
				CLANG_CXX_LANGUAGE_STANDARD = "gnu++14";
				CLANG_CXX_LIBRARY = "libc++";
				CLANG_ENABLE_MODULES = YES;
				CLANG_ENABLE_OBJC_ARC = YES;
				CLANG_ENABLE_OBJC_WEAK = YES;
				CLANG_WARN_BLOCK_CAPTURE_AUTORELEASING = YES;
				CLANG_WARN_BOOL_CONVERSION = YES;
				CLANG_WARN_COMMA = YES;
				CLANG_WARN_CONSTANT_CONVERSION = YES;
				CLANG_WARN_DEPRECATED_OBJC_IMPLEMENTATIONS = YES;
				CLANG_WARN_DIRECT_OBJC_ISA_USAGE = YES_ERROR;
				CLANG_WARN_DOCUMENTATION_COMMENTS = YES;
				CLANG_WARN_EMPTY_BODY = YES;
				CLANG_WARN_ENUM_CONVERSION = YES;
				CLANG_WARN_INFINITE_RECURSION = YES;
				CLANG_WARN_INT_CONVERSION = YES;
				CLANG_WARN_NON_LITERAL_NULL_CONVERSION = YES;
				CLANG_WARN_OBJC_IMPLICIT_RETAIN_SELF = YES;
				CLANG_WARN_OBJC_LITERAL_CONVERSION = YES;
				CLANG_WARN_OBJC_ROOT_CLASS = YES_ERROR;
				CLANG_WARN_RANGE_LOOP_ANALYSIS = YES;
				CLANG_WARN_STRICT_PROTOTYPES = YES;
				CLANG_WARN_SUSPICIOUS_MOVE = YES;
				CLANG_WARN_UNGUARDED_AVAILABILITY = YES_AGGRESSIVE;
				CLANG_WARN_UNREACHABLE_CODE = YES;
				CLANG_WARN__DUPLICATE_METHOD_MATCH = YES;
				CODE_SIGN_IDENTITY = "iPhone Developer";
				COPY_PHASE_STRIP = NO;
				DEBUG_INFORMATION_FORMAT = "dwarf-with-dsym";
				ENABLE_NS_ASSERTIONS = NO;
				ENABLE_STRICT_OBJC_MSGSEND = YES;
				GCC_C_LANGUAGE_STANDARD = gnu11;
				GCC_NO_COMMON_BLOCKS = YES;
				GCC_WARN_64_TO_32_BIT_CONVERSION = YES;
				GCC_WARN_ABOUT_RETURN_TYPE = YES_ERROR;
				GCC_WARN_UNDECLARED_SELECTOR = YES;
				GCC_WARN_UNINITIALIZED_AUTOS = YES_AGGRESSIVE;
				GCC_WARN_UNUSED_FUNCTION = YES;
				GCC_WARN_UNUSED_VARIABLE = YES;
				IPHONEOS_DEPLOYMENT_TARGET = 12.1;
				MTL_ENABLE_DEBUG_INFO = NO;
				MTL_FAST_MATH = YES;
				SDKROOT = iphoneos;
				SWIFT_COMPILATION_MODE = wholemodule;
				SWIFT_OPTIMIZATION_LEVEL = "-O";
				VALIDATE_PRODUCT = YES;
			};
			name = Release;
		};
		C822E26D21F16E27006A64D0 /* Debug */ = {
			isa = XCBuildConfiguration;
			baseConfigurationReference = B878C2C495BDCA2AC1BF8DB9 /* Pods-Subspec.debug.xcconfig */;
			buildSettings = {
				ASSETCATALOG_COMPILER_APPICON_NAME = AppIcon;
				CODE_SIGN_STYLE = Automatic;
				DEVELOPMENT_TEAM = T28QC3M4TY;
				INFOPLIST_FILE = Subspec/Info.plist;
				LD_RUNPATH_SEARCH_PATHS = (
					"$(inherited)",
					"@executable_path/Frameworks",
				);
				PRODUCT_BUNDLE_IDENTIFIER = com.kemchenj.Subspec;
				PRODUCT_NAME = "$(TARGET_NAME)";
				SWIFT_VERSION = 4.2;
				TARGETED_DEVICE_FAMILY = "1,2";
			};
			name = Debug;
		};
		C822E26E21F16E27006A64D0 /* Release */ = {
			isa = XCBuildConfiguration;
			baseConfigurationReference = FD6F282771253D922D861213 /* Pods-Subspec.release.xcconfig */;
			buildSettings = {
				ASSETCATALOG_COMPILER_APPICON_NAME = AppIcon;
				CODE_SIGN_STYLE = Automatic;
				DEVELOPMENT_TEAM = T28QC3M4TY;
				INFOPLIST_FILE = Subspec/Info.plist;
				LD_RUNPATH_SEARCH_PATHS = (
					"$(inherited)",
					"@executable_path/Frameworks",
				);
				PRODUCT_BUNDLE_IDENTIFIER = com.kemchenj.Subspec;
				PRODUCT_NAME = "$(TARGET_NAME)";
				SWIFT_VERSION = 4.2;
				TARGETED_DEVICE_FAMILY = "1,2";
			};
			name = Release;
		};
/* End XCBuildConfiguration section */

/* Begin XCConfigurationList section */
		C822E25521F16E26006A64D0 /* Build configuration list for PBXProject "Subspec" */ = {
			isa = XCConfigurationList;
			buildConfigurations = (
				C822E26A21F16E27006A64D0 /* Debug */,
				C822E26B21F16E27006A64D0 /* Release */,
			);
			defaultConfigurationIsVisible = 0;
			defaultConfigurationName = Release;
		};
		C822E26C21F16E27006A64D0 /* Build configuration list for PBXNativeTarget "Subspec" */ = {
			isa = XCConfigurationList;
			buildConfigurations = (
				C822E26D21F16E27006A64D0 /* Debug */,
				C822E26E21F16E27006A64D0 /* Release */,
			);
			defaultConfigurationIsVisible = 0;
			defaultConfigurationName = Release;
		};
/* End XCConfigurationList section */
	};
	rootObject = C822E25221F16E26006A64D0 /* Project object */;
}
